uuid: ebdcc896-c127-4190-b022-f5c58b086ace
langcode: en
status: true
dependencies:
  content:
    - 'block_content:site_header:0ed8099e-dddd-4558-8155-c7fca53c7931'
  module:
    - block_content
  theme:
    - cingulate
id: siteheaderblock
theme: cingulate
region: header
weight: -10
provider: null
plugin: 'block_content:0ed8099e-dddd-4558-8155-c7fca53c7931'
settings:
  id: 'block_content:0ed8099e-dddd-4558-8155-c7fca53c7931'
  label: 'Site Header'
  label_display: '0'
  provider: block_content
  view_mode: full
visibility: {  }
